
Microsoft Visual Studio Solution File, Format Version 12.00
# Visual Studio 2013
VisualStudioVersion = 12.0.31101.0
MinimumVisualStudioVersion = 10.0.40219.1
Project("{FAE04EC0-301F-11D3-BF4B-00C04F79EFBC}") = "MPinDemo", "TestWinPhoneApp1\MPinDemo.csproj", "{2FAB4511-C35F-4FEF-B568-068D507D89B7}"
EndProject
Project("{FAE04EC0-301F-11D3-BF4B-00C04F79EFBC}") = "MPinSDK", "MPinSDK\MPinSDK.csproj", "{A36DF2FF-E667-4124-AF68-821C933B7840}"
EndProject
Project("{8BC9CEB8-8B4A-11D0-8D11-00A0C91BC942}") = "MPinRC", "MPinRC\MPinRC.vcxproj", "{B41A817C-AC19-4C56-9FB3-F78B9BC0B2D1}"
EndProject
Global
	GlobalSection(SolutionConfigurationPlatforms) = preSolution
		Debug|Any CPU = Debug|Any CPU
		Debug|ARM = Debug|ARM
		Debug|Mixed Platforms = Debug|Mixed Platforms
		Debug|Win32 = Debug|Win32
		Debug|x64 = Debug|x64
		Debug|x86 = Debug|x86
		Release|Any CPU = Release|Any CPU
		Release|ARM = Release|ARM
		Release|Mixed Platforms = Release|Mixed Platforms
		Release|Win32 = Release|Win32
		Release|x64 = Release|x64
		Release|x86 = Release|x86
	EndGlobalSection
	GlobalSection(ProjectConfigurationPlatforms) = postSolution
		{2FAB4511-C35F-4FEF-B568-068D507D89B7}.Debug|Any CPU.ActiveCfg = Debug|x86
		{2FAB4511-C35F-4FEF-B568-068D507D89B7}.Debug|Any CPU.Build.0 = Debug|x86
		{2FAB4511-C35F-4FEF-B568-068D507D89B7}.Debug|Any CPU.Deploy.0 = Debug|x86
		{2FAB4511-C35F-4FEF-B568-068D507D89B7}.Debug|ARM.ActiveCfg = Debug|x86
		{2FAB4511-C35F-4FEF-B568-068D507D89B7}.Debug|ARM.Build.0 = Debug|x86
		{2FAB4511-C35F-4FEF-B568-068D507D89B7}.Debug|ARM.Deploy.0 = Debug|x86
		{2FAB4511-C35F-4FEF-B568-068D507D89B7}.Debug|Mixed Platforms.ActiveCfg = Release|ARM
		{2FAB4511-C35F-4FEF-B568-068D507D89B7}.Debug|Mixed Platforms.Build.0 = Debug|x86
		{2FAB4511-C35F-4FEF-B568-068D507D89B7}.Debug|Mixed Platforms.Deploy.0 = Debug|x86
		{2FAB4511-C35F-4FEF-B568-068D507D89B7}.Debug|Win32.ActiveCfg = Release|ARM
		{2FAB4511-C35F-4FEF-B568-068D507D89B7}.Debug|Win32.Build.0 = Debug|x86
		{2FAB4511-C35F-4FEF-B568-068D507D89B7}.Debug|Win32.Deploy.0 = Debug|x86
		{2FAB4511-C35F-4FEF-B568-068D507D89B7}.Debug|x64.ActiveCfg = Release|ARM
		{2FAB4511-C35F-4FEF-B568-068D507D89B7}.Debug|x86.ActiveCfg = Release|ARM
		{2FAB4511-C35F-4FEF-B568-068D507D89B7}.Debug|x86.Build.0 = Debug|x86
		{2FAB4511-C35F-4FEF-B568-068D507D89B7}.Debug|x86.Deploy.0 = Debug|x86
		{2FAB4511-C35F-4FEF-B568-068D507D89B7}.Release|Any CPU.ActiveCfg = Release|ARM
		{2FAB4511-C35F-4FEF-B568-068D507D89B7}.Release|Any CPU.Build.0 = Release|Any CPU
		{2FAB4511-C35F-4FEF-B568-068D507D89B7}.Release|Any CPU.Deploy.0 = Release|Any CPU
		{2FAB4511-C35F-4FEF-B568-068D507D89B7}.Release|ARM.ActiveCfg = Release|ARM
		{2FAB4511-C35F-4FEF-B568-068D507D89B7}.Release|ARM.Build.0 = Release|ARM
		{2FAB4511-C35F-4FEF-B568-068D507D89B7}.Release|ARM.Deploy.0 = Release|ARM
		{2FAB4511-C35F-4FEF-B568-068D507D89B7}.Release|Mixed Platforms.ActiveCfg = Release|ARM
		{2FAB4511-C35F-4FEF-B568-068D507D89B7}.Release|Mixed Platforms.Build.0 = Release|x86
		{2FAB4511-C35F-4FEF-B568-068D507D89B7}.Release|Mixed Platforms.Deploy.0 = Release|x86
		{2FAB4511-C35F-4FEF-B568-068D507D89B7}.Release|Win32.ActiveCfg = Release|ARM
		{2FAB4511-C35F-4FEF-B568-068D507D89B7}.Release|Win32.Build.0 = Release|x86
		{2FAB4511-C35F-4FEF-B568-068D507D89B7}.Release|Win32.Deploy.0 = Release|x86
		{2FAB4511-C35F-4FEF-B568-068D507D89B7}.Release|x64.ActiveCfg = Release|ARM
		{2FAB4511-C35F-4FEF-B568-068D507D89B7}.Release|x86.ActiveCfg = Release|ARM
		{2FAB4511-C35F-4FEF-B568-068D507D89B7}.Release|x86.Build.0 = Release|x86
		{2FAB4511-C35F-4FEF-B568-068D507D89B7}.Release|x86.Deploy.0 = Release|x86
		{A36DF2FF-E667-4124-AF68-821C933B7840}.Debug|Any CPU.ActiveCfg = Debug|x86
		{A36DF2FF-E667-4124-AF68-821C933B7840}.Debug|Any CPU.Build.0 = Debug|x86
		{A36DF2FF-E667-4124-AF68-821C933B7840}.Debug|ARM.ActiveCfg = Debug|x86
		{A36DF2FF-E667-4124-AF68-821C933B7840}.Debug|ARM.Build.0 = Debug|x86
		{A36DF2FF-E667-4124-AF68-821C933B7840}.Debug|Mixed Platforms.ActiveCfg = Release|ARM
		{A36DF2FF-E667-4124-AF68-821C933B7840}.Debug|Mixed Platforms.Build.0 = Debug|x86
		{A36DF2FF-E667-4124-AF68-821C933B7840}.Debug|Win32.ActiveCfg = Release|ARM
		{A36DF2FF-E667-4124-AF68-821C933B7840}.Debug|Win32.Build.0 = Debug|x86
		{A36DF2FF-E667-4124-AF68-821C933B7840}.Debug|x64.ActiveCfg = Release|ARM
		{A36DF2FF-E667-4124-AF68-821C933B7840}.Debug|x86.ActiveCfg = Release|ARM
		{A36DF2FF-E667-4124-AF68-821C933B7840}.Debug|x86.Build.0 = Debug|x86
		{A36DF2FF-E667-4124-AF68-821C933B7840}.Release|Any CPU.ActiveCfg = Release|ARM
		{A36DF2FF-E667-4124-AF68-821C933B7840}.Release|Any CPU.Build.0 = Release|Any CPU
		{A36DF2FF-E667-4124-AF68-821C933B7840}.Release|ARM.ActiveCfg = Release|ARM
		{A36DF2FF-E667-4124-AF68-821C933B7840}.Release|ARM.Build.0 = Release|ARM
		{A36DF2FF-E667-4124-AF68-821C933B7840}.Release|Mixed Platforms.ActiveCfg = Release|ARM
		{A36DF2FF-E667-4124-AF68-821C933B7840}.Release|Mixed Platforms.Build.0 = Release|x86
		{A36DF2FF-E667-4124-AF68-821C933B7840}.Release|Win32.ActiveCfg = Release|ARM
		{A36DF2FF-E667-4124-AF68-821C933B7840}.Release|Win32.Build.0 = Release|x86
		{A36DF2FF-E667-4124-AF68-821C933B7840}.Release|x64.ActiveCfg = Release|ARM
		{A36DF2FF-E667-4124-AF68-821C933B7840}.Release|x86.ActiveCfg = Release|ARM
		{A36DF2FF-E667-4124-AF68-821C933B7840}.Release|x86.Build.0 = Release|x86
		{B41A817C-AC19-4C56-9FB3-F78B9BC0B2D1}.Debug|Any CPU.ActiveCfg = Debug|Win32
		{B41A817C-AC19-4C56-9FB3-F78B9BC0B2D1}.Debug|Any CPU.Build.0 = Debug|Win32
		{B41A817C-AC19-4C56-9FB3-F78B9BC0B2D1}.Debug|ARM.ActiveCfg = Debug|Win32
		{B41A817C-AC19-4C56-9FB3-F78B9BC0B2D1}.Debug|ARM.Build.0 = Debug|Win32
		{B41A817C-AC19-4C56-9FB3-F78B9BC0B2D1}.Debug|Mixed Platforms.ActiveCfg = Release|ARM
		{B41A817C-AC19-4C56-9FB3-F78B9BC0B2D1}.Debug|Mixed Platforms.Build.0 = Debug|Win32
		{B41A817C-AC19-4C56-9FB3-F78B9BC0B2D1}.Debug|Win32.ActiveCfg = Release|ARM
		{B41A817C-AC19-4C56-9FB3-F78B9BC0B2D1}.Debug|Win32.Build.0 = Debug|Win32
		{B41A817C-AC19-4C56-9FB3-F78B9BC0B2D1}.Debug|x64.ActiveCfg = Release|ARM
		{B41A817C-AC19-4C56-9FB3-F78B9BC0B2D1}.Debug|x86.ActiveCfg = Release|ARM
		{B41A817C-AC19-4C56-9FB3-F78B9BC0B2D1}.Debug|x86.Build.0 = Debug|Win32
		{B41A817C-AC19-4C56-9FB3-F78B9BC0B2D1}.Release|Any CPU.ActiveCfg = Release|ARM
		{B41A817C-AC19-4C56-9FB3-F78B9BC0B2D1}.Release|ARM.ActiveCfg = Release|ARM
		{B41A817C-AC19-4C56-9FB3-F78B9BC0B2D1}.Release|ARM.Build.0 = Release|ARM
		{B41A817C-AC19-4C56-9FB3-F78B9BC0B2D1}.Release|Mixed Platforms.ActiveCfg = Release|ARM
		{B41A817C-AC19-4C56-9FB3-F78B9BC0B2D1}.Release|Mixed Platforms.Build.0 = Release|Win32
		{B41A817C-AC19-4C56-9FB3-F78B9BC0B2D1}.Release|Win32.ActiveCfg = Release|ARM
		{B41A817C-AC19-4C56-9FB3-F78B9BC0B2D1}.Release|Win32.Build.0 = Release|Win32
		{B41A817C-AC19-4C56-9FB3-F78B9BC0B2D1}.Release|x64.ActiveCfg = Release|ARM
		{B41A817C-AC19-4C56-9FB3-F78B9BC0B2D1}.Release|x86.ActiveCfg = Release|ARM
		{B41A817C-AC19-4C56-9FB3-F78B9BC0B2D1}.Release|x86.Build.0 = Release|Win32
	EndGlobalSection
	GlobalSection(SolutionProperties) = preSolution
		HideSolutionNode = FALSE
	EndGlobalSection
EndGlobal
