<?xml version="1.0" encoding="utf-8"?>
<Project ToolsVersion="4.0" xmlns="http://schemas.microsoft.com/developer/msbuild/2003">
  <ItemGroup>
    <Filter Include="src">
      <UniqueIdentifier>{78eb6267-57a1-4e36-9a36-71b010424292}</UniqueIdentifier>
    </Filter>
    <Filter Include="src\core">
      <UniqueIdentifier>{1f2b4e9c-59f9-4a1f-ad54-75881b53a336}</UniqueIdentifier>
    </Filter>
    <Filter Include="src\core\crypto">
      <UniqueIdentifier>{cd1eafab-bcdb-4e59-aa36-87cd6762cfe3}</UniqueIdentifier>
    </Filter>
    <Filter Include="src\core\json">
      <UniqueIdentifier>{dde06548-f846-45f7-9f2e-2db976eda377}</UniqueIdentifier>
    </Filter>
    <Filter Include="src\core\utf8">
      <UniqueIdentifier>{733f58c9-cbd3-42f6-a6d3-cb6c0bc53272}</UniqueIdentifier>
    </Filter>
    <Filter Include="ext">
      <UniqueIdentifier>{40bf2383-eb37-43aa-89b4-3292a44ee00c}</UniqueIdentifier>
    </Filter>
    <Filter Include="ext\cvshared">
      <UniqueIdentifier>{1dc90bf8-1a9d-4f94-bb96-30318d0f9197}</UniqueIdentifier>
    </Filter>
  </ItemGroup>
  <ItemGroup>
    <ClCompile Include="..\..\src\core\mpin_crypto_non_tee.cpp">
      <Filter>src\core</Filter>
    </ClCompile>
    <ClCompile Include="..\..\src\core\mpin_sdk.cpp">
      <Filter>src\core</Filter>
    </ClCompile>
    <ClCompile Include="..\..\ext\cvshared\cpp\windows\CvHttpRequest.cpp">
      <Filter>ext\cvshared</Filter>
    </ClCompile>
    <ClCompile Include="..\..\ext\cvshared\cpp\windows\CvMutex.cpp">
      <Filter>ext\cvshared</Filter>
    </ClCompile>
    <ClCompile Include="..\..\ext\cvshared\cpp\CvTime.cpp">
      <Filter>ext\cvshared</Filter>
    </ClCompile>
    <ClCompile Include="..\..\ext\cvshared\cpp\CvString.cpp">
      <Filter>ext\cvshared</Filter>
    </ClCompile>
    <ClCompile Include="..\..\ext\cvshared\cpp\windows\CvLogger.cpp">
      <Filter>ext\cvshared</Filter>
    </ClCompile>
    <ClCompile Include="..\..\ext\cvshared\cpp\CvXcode.cpp">
      <Filter>ext\cvshared</Filter>
    </ClCompile>
    <ClCompile Include="..\..\ext\cvshared\cpp\windows\CvThread.cpp">
      <Filter>ext\cvshared</Filter>
    </ClCompile>
    <ClCompile Include="..\..\src\core\crypto\aes.c">
      <Filter>src\core\crypto</Filter>
    </ClCompile>
    <ClCompile Include="..\..\src\core\crypto\big.c">
      <Filter>src\core\crypto</Filter>
    </ClCompile>
    <ClCompile Include="..\..\src\core\crypto\ecp.c">
      <Filter>src\core\crypto</Filter>
    </ClCompile>
    <ClCompile Include="..\..\src\core\crypto\ecp2.c">
      <Filter>src\core\crypto</Filter>
    </ClCompile>
    <ClCompile Include="..\..\src\core\crypto\ff.c">
      <Filter>src\core\crypto</Filter>
    </ClCompile>
    <ClCompile Include="..\..\src\core\crypto\fp.c">
      <Filter>src\core\crypto</Filter>
    </ClCompile>
    <ClCompile Include="..\..\src\core\crypto\fp2.c">
      <Filter>src\core\crypto</Filter>
    </ClCompile>
    <ClCompile Include="..\..\src\core\crypto\fp4.c">
      <Filter>src\core\crypto</Filter>
    </ClCompile>
    <ClCompile Include="..\..\src\core\crypto\fp12.c">
      <Filter>src\core\crypto</Filter>
    </ClCompile>
    <ClCompile Include="..\..\src\core\crypto\gcm.c">
      <Filter>src\core\crypto</Filter>
    </ClCompile>
    <ClCompile Include="..\..\src\core\crypto\hash.c">
      <Filter>src\core\crypto</Filter>
    </ClCompile>
    <ClCompile Include="..\..\src\core\crypto\maxstack.c">
      <Filter>src\core\crypto</Filter>
    </ClCompile>
    <ClCompile Include="..\..\src\core\crypto\mpin.c">
      <Filter>src\core\crypto</Filter>
    </ClCompile>
    <ClCompile Include="..\..\src\core\crypto\oct.c">
      <Filter>src\core\crypto</Filter>
    </ClCompile>
    <ClCompile Include="..\..\src\core\crypto\pair.c">
      <Filter>src\core\crypto</Filter>
    </ClCompile>
    <ClCompile Include="..\..\src\core\crypto\rand.c">
      <Filter>src\core\crypto</Filter>
    </ClCompile>
    <ClCompile Include="..\..\src\core\crypto\rom.c">
      <Filter>src\core\crypto</Filter>
    </ClCompile>
    <ClCompile Include="..\..\src\core\crypto\version.c">
      <Filter>src\core\crypto</Filter>
    </ClCompile>
    <ClCompile Include="..\..\src\core\utils.cpp">
      <Filter>src\core</Filter>
    </ClCompile>
  </ItemGroup>
  <ItemGroup>
    <ClInclude Include="..\..\src\core\mpin_crypto.h">
      <Filter>src\core</Filter>
    </ClInclude>
    <ClInclude Include="..\..\src\core\mpin_crypto_non_tee.h">
      <Filter>src\core</Filter>
    </ClInclude>
    <ClInclude Include="..\..\src\core\mpin_sdk.h">
      <Filter>src\core</Filter>
    </ClInclude>
    <ClInclude Include="..\..\src\core\json\elements.h">
      <Filter>src\core\json</Filter>
    </ClInclude>
    <ClInclude Include="..\..\src\core\json\reader.h">
      <Filter>src\core\json</Filter>
    </ClInclude>
    <ClInclude Include="..\..\src\core\json\visitor.h">
      <Filter>src\core\json</Filter>
    </ClInclude>
    <ClInclude Include="..\..\src\core\json\writer.h">
      <Filter>src\core\json</Filter>
    </ClInclude>
    <ClInclude Include="..\..\src\core\cv_shared_ptr.h">
      <Filter>src\core</Filter>
    </ClInclude>
    <ClInclude Include="..\..\src\core\utf8.h">
      <Filter>src\core</Filter>
    </ClInclude>
    <ClInclude Include="..\..\src\core\utf8\checked.h">
      <Filter>src\core\utf8</Filter>
    </ClInclude>
    <ClInclude Include="..\..\src\core\utf8\core.h">
      <Filter>src\core\utf8</Filter>
    </ClInclude>
    <ClInclude Include="..\..\src\core\utf8\unchecked.h">
      <Filter>src\core\utf8</Filter>
    </ClInclude>
    <ClInclude Include="..\..\ext\cvshared\cpp\include\CvCommon.h">
      <Filter>ext\cvshared</Filter>
    </ClInclude>
    <ClInclude Include="..\..\ext\cvshared\cpp\include\CvHttpCommon.h">
      <Filter>ext\cvshared</Filter>
    </ClInclude>
    <ClInclude Include="..\..\ext\cvshared\cpp\include\CvHttpRequest.h">
      <Filter>ext\cvshared</Filter>
    </ClInclude>
    <ClInclude Include="..\..\ext\cvshared\cpp\include\CvMutex.h">
      <Filter>ext\cvshared</Filter>
    </ClInclude>
    <ClInclude Include="..\..\ext\cvshared\cpp\include\CvTime.h">
      <Filter>ext\cvshared</Filter>
    </ClInclude>
    <ClInclude Include="..\..\ext\cvshared\cpp\include\CvString.h">
      <Filter>ext\cvshared</Filter>
    </ClInclude>
    <ClInclude Include="..\..\ext\cvshared\cpp\include\CvLogger.h">
      <Filter>ext\cvshared</Filter>
    </ClInclude>
    <ClInclude Include="..\..\ext\cvshared\cpp\include\CvXcode.h">
      <Filter>ext\cvshared</Filter>
    </ClInclude>
    <ClInclude Include="..\..\src\core\version.h">
      <Filter>src\core</Filter>
    </ClInclude>
    <ClInclude Include="..\..\ext\cvshared\cpp\include\CvThread.h">
      <Filter>ext\cvshared</Filter>
    </ClInclude>
    <ClInclude Include="..\..\src\core\crypto\clint.h">
      <Filter>src\core\crypto</Filter>
    </ClInclude>
    <ClInclude Include="..\..\src\core\crypto\DLLDefines.h">
      <Filter>src\core\crypto</Filter>
    </ClInclude>
    <ClInclude Include="..\..\src\core\crypto\mpin.h">
      <Filter>src\core\crypto</Filter>
    </ClInclude>
    <ClInclude Include="..\..\src\core\crypto\version.h">
      <Filter>src\core\crypto</Filter>
    </ClInclude>
    <ClInclude Include="..\..\src\core\crypto\platform.h">
      <Filter>src\core\crypto</Filter>
    </ClInclude>
    <ClInclude Include="..\..\src\core\utils.h">
      <Filter>src\core</Filter>
    </ClInclude>
  </ItemGroup>
  <ItemGroup>
    <None Include="..\..\src\core\json\elements.inl">
      <Filter>src\core\json</Filter>
    </None>
    <None Include="..\..\src\core\json\reader.inl">
      <Filter>src\core\json</Filter>
    </None>
    <None Include="..\..\src\core\json\writer.inl">
      <Filter>src\core\json</Filter>
    </None>
    <None Include="unit_tests.vcxproj.filters" />
  </ItemGroup>
</Project>